
Microsoft Visual Studio Solution File, Format Version 12.00
# Visual Studio 14
VisualStudioVersion = 14.0.25420.1
MinimumVisualStudioVersion = 10.0.40219.1
Project("{FAE04EC0-301F-11D3-BF4B-00C04F79EFBC}") = "NSTaskPortal", "NSTaskPortal\NSTaskPortal.csproj", "{A3CBF805-E28C-4154-8DF4-0D8E52801452}"
EndProject
Project("{FAE04EC0-301F-11D3-BF4B-00C04F79EFBC}") = "NSTaskPortal.Tests", "NSTaskPortal.Tests\NSTaskPortal.Tests.csproj", "{22E053F6-C8F2-452A-8CFB-57705A75050D}"
EndProject
Global
	GlobalSection(SolutionConfigurationPlatforms) = preSolution
		Debug|Any CPU = Debug|Any CPU
		Release|Any CPU = Release|Any CPU
	EndGlobalSection
	GlobalSection(ProjectConfigurationPlatforms) = postSolution
		{A3CBF805-E28C-4154-8DF4-0D8E52801452}.Debug|Any CPU.ActiveCfg = Debug|Any CPU
		{A3CBF805-E28C-4154-8DF4-0D8E52801452}.Debug|Any CPU.Build.0 = Debug|Any CPU
		{A3CBF805-E28C-4154-8DF4-0D8E52801452}.Release|Any CPU.ActiveCfg = Release|Any CPU
		{A3CBF805-E28C-4154-8DF4-0D8E52801452}.Release|Any CPU.Build.0 = Release|Any CPU
		{22E053F6-C8F2-452A-8CFB-57705A75050D}.Debug|Any CPU.ActiveCfg = Debug|Any CPU
		{22E053F6-C8F2-452A-8CFB-57705A75050D}.Debug|Any CPU.Build.0 = Debug|Any CPU
		{22E053F6-C8F2-452A-8CFB-57705A75050D}.Release|Any CPU.ActiveCfg = Release|Any CPU
		{22E053F6-C8F2-452A-8CFB-57705A75050D}.Release|Any CPU.Build.0 = Release|Any CPU
	EndGlobalSection
	GlobalSection(SolutionProperties) = preSolution
		HideSolutionNode = FALSE
	EndGlobalSection
EndGlobal
